
Microsoft Visual Studio Solution File, Format Version 12.00
# Visual Studio Version 16
VisualStudioVersion = 16.0.29609.76
MinimumVisualStudioVersion = 10.0.40219.1
Project("{9A19103F-16F7-4668-BE54-9A1E7A4F7556}") = "Grpc_Demo2", "Grpc_Demo2.csproj", "{AAE52ECD-0A0A-47B4-8982-1C08FA9E7F4F}"
EndProject
Project("{FAE04EC0-301F-11D3-BF4B-00C04F79EFBC}") = "client", "..\client\client.csproj", "{0ADB0ED6-093A-4D2E-A0D2-1B32EEC5C839}"
EndProject
Global
	GlobalSection(SolutionConfigurationPlatforms) = preSolution
		Debug|Any CPU = Debug|Any CPU
		Release|Any CPU = Release|Any CPU
	EndGlobalSection
	GlobalSection(ProjectConfigurationPlatforms) = postSolution
		{AAE52ECD-0A0A-47B4-8982-1C08FA9E7F4F}.Debug|Any CPU.ActiveCfg = Debug|Any CPU
		{AAE52ECD-0A0A-47B4-8982-1C08FA9E7F4F}.Debug|Any CPU.Build.0 = Debug|Any CPU
		{AAE52ECD-0A0A-47B4-8982-1C08FA9E7F4F}.Release|Any CPU.ActiveCfg = Release|Any CPU
		{AAE52ECD-0A0A-47B4-8982-1C08FA9E7F4F}.Release|Any CPU.Build.0 = Release|Any CPU
		{0ADB0ED6-093A-4D2E-A0D2-1B32EEC5C839}.Debug|Any CPU.ActiveCfg = Debug|Any CPU
		{0ADB0ED6-093A-4D2E-A0D2-1B32EEC5C839}.Debug|Any CPU.Build.0 = Debug|Any CPU
		{0ADB0ED6-093A-4D2E-A0D2-1B32EEC5C839}.Release|Any CPU.ActiveCfg = Release|Any CPU
		{0ADB0ED6-093A-4D2E-A0D2-1B32EEC5C839}.Release|Any CPU.Build.0 = Release|Any CPU
	EndGlobalSection
	GlobalSection(SolutionProperties) = preSolution
		HideSolutionNode = FALSE
	EndGlobalSection
	GlobalSection(ExtensibilityGlobals) = postSolution
		SolutionGuid = {B145736B-9122-456F-B72E-C60DD4FD1CC1}
	EndGlobalSection
EndGlobal
